
Microsoft Visual Studio Solution File, Format Version 12.00
# Visual Studio Version 17
VisualStudioVersion = 17.7.34221.43
MinimumVisualStudioVersion = 10.0.40219.1
Project("{2150E333-8FDC-42A3-9474-1A3956D46DE8}") = "Days", "Days", "{444BB72A-D7C9-4243-AF71-01A0119B6349}"
EndProject
Project("{9A19103F-16F7-4668-BE54-9A1E7A4F7556}") = "DayTwo", "DayTwo\DayTwo.csproj", "{415B5034-E5FD-4CB4-86E1-AC1CCC68B2D8}"
EndProject
Project("{9A19103F-16F7-4668-BE54-9A1E7A4F7556}") = "AdventBase", "AdventBase\AdventBase.csproj", "{ED9FC430-D40A-4C4B-BC69-A06A973A889F}"
EndProject
Project("{9A19103F-16F7-4668-BE54-9A1E7A4F7556}") = "DayOne", "DayOne\DayOne.csproj", "{6D9DF4FA-4547-4C7D-9295-7FF8609AF977}"
EndProject
Project("{9A19103F-16F7-4668-BE54-9A1E7A4F7556}") = "DayThree", "DayThree\DayThree.csproj", "{3C07DA2D-1189-479F-95EB-3ADA7099D6D6}"
EndProject
Project("{9A19103F-16F7-4668-BE54-9A1E7A4F7556}") = "DayFour", "DayFour\DayFour.csproj", "{06E0BF0F-9FB9-4591-9AB0-7D97AF98F554}"
EndProject
Project("{9A19103F-16F7-4668-BE54-9A1E7A4F7556}") = "DayFive", "DayFive\DayFive.csproj", "{62AE679E-2C43-42CE-88F3-CA48851A2D95}"
EndProject
Project("{9A19103F-16F7-4668-BE54-9A1E7A4F7556}") = "DaySix", "DaySix\DaySix.csproj", "{F03CC655-20D9-450A-B61C-D83739A19583}"
EndProject
Project("{FAE04EC0-301F-11D3-BF4B-00C04F79EFBC}") = "DaySeven", "DaySeven\DaySeven.csproj", "{36E08235-DF37-4FB8-88A4-4045FC96D0B3}"
EndProject
Global
	GlobalSection(SolutionConfigurationPlatforms) = preSolution
		Debug|Any CPU = Debug|Any CPU
		Release|Any CPU = Release|Any CPU
	EndGlobalSection
	GlobalSection(ProjectConfigurationPlatforms) = postSolution
		{415B5034-E5FD-4CB4-86E1-AC1CCC68B2D8}.Debug|Any CPU.ActiveCfg = Debug|Any CPU
		{415B5034-E5FD-4CB4-86E1-AC1CCC68B2D8}.Debug|Any CPU.Build.0 = Debug|Any CPU
		{415B5034-E5FD-4CB4-86E1-AC1CCC68B2D8}.Release|Any CPU.ActiveCfg = Release|Any CPU
		{415B5034-E5FD-4CB4-86E1-AC1CCC68B2D8}.Release|Any CPU.Build.0 = Release|Any CPU
		{ED9FC430-D40A-4C4B-BC69-A06A973A889F}.Debug|Any CPU.ActiveCfg = Debug|Any CPU
		{ED9FC430-D40A-4C4B-BC69-A06A973A889F}.Debug|Any CPU.Build.0 = Debug|Any CPU
		{ED9FC430-D40A-4C4B-BC69-A06A973A889F}.Release|Any CPU.ActiveCfg = Release|Any CPU
		{ED9FC430-D40A-4C4B-BC69-A06A973A889F}.Release|Any CPU.Build.0 = Release|Any CPU
		{6D9DF4FA-4547-4C7D-9295-7FF8609AF977}.Debug|Any CPU.ActiveCfg = Debug|Any CPU
		{6D9DF4FA-4547-4C7D-9295-7FF8609AF977}.Debug|Any CPU.Build.0 = Debug|Any CPU
		{6D9DF4FA-4547-4C7D-9295-7FF8609AF977}.Release|Any CPU.ActiveCfg = Release|Any CPU
		{6D9DF4FA-4547-4C7D-9295-7FF8609AF977}.Release|Any CPU.Build.0 = Release|Any CPU
		{3C07DA2D-1189-479F-95EB-3ADA7099D6D6}.Debug|Any CPU.ActiveCfg = Debug|Any CPU
		{3C07DA2D-1189-479F-95EB-3ADA7099D6D6}.Debug|Any CPU.Build.0 = Debug|Any CPU
		{3C07DA2D-1189-479F-95EB-3ADA7099D6D6}.Release|Any CPU.ActiveCfg = Release|Any CPU
		{3C07DA2D-1189-479F-95EB-3ADA7099D6D6}.Release|Any CPU.Build.0 = Release|Any CPU
		{06E0BF0F-9FB9-4591-9AB0-7D97AF98F554}.Debug|Any CPU.ActiveCfg = Debug|Any CPU
		{06E0BF0F-9FB9-4591-9AB0-7D97AF98F554}.Debug|Any CPU.Build.0 = Debug|Any CPU
		{06E0BF0F-9FB9-4591-9AB0-7D97AF98F554}.Release|Any CPU.ActiveCfg = Release|Any CPU
		{06E0BF0F-9FB9-4591-9AB0-7D97AF98F554}.Release|Any CPU.Build.0 = Release|Any CPU
		{62AE679E-2C43-42CE-88F3-CA48851A2D95}.Debug|Any CPU.ActiveCfg = Debug|Any CPU
		{62AE679E-2C43-42CE-88F3-CA48851A2D95}.Debug|Any CPU.Build.0 = Debug|Any CPU
		{62AE679E-2C43-42CE-88F3-CA48851A2D95}.Release|Any CPU.ActiveCfg = Release|Any CPU
		{62AE679E-2C43-42CE-88F3-CA48851A2D95}.Release|Any CPU.Build.0 = Release|Any CPU
		{F03CC655-20D9-450A-B61C-D83739A19583}.Debug|Any CPU.ActiveCfg = Debug|Any CPU
		{F03CC655-20D9-450A-B61C-D83739A19583}.Debug|Any CPU.Build.0 = Debug|Any CPU
		{F03CC655-20D9-450A-B61C-D83739A19583}.Release|Any CPU.ActiveCfg = Release|Any CPU
		{F03CC655-20D9-450A-B61C-D83739A19583}.Release|Any CPU.Build.0 = Release|Any CPU
		{36E08235-DF37-4FB8-88A4-4045FC96D0B3}.Debug|Any CPU.ActiveCfg = Debug|Any CPU
		{36E08235-DF37-4FB8-88A4-4045FC96D0B3}.Debug|Any CPU.Build.0 = Debug|Any CPU
		{36E08235-DF37-4FB8-88A4-4045FC96D0B3}.Release|Any CPU.ActiveCfg = Release|Any CPU
		{36E08235-DF37-4FB8-88A4-4045FC96D0B3}.Release|Any CPU.Build.0 = Release|Any CPU
	EndGlobalSection
	GlobalSection(SolutionProperties) = preSolution
		HideSolutionNode = FALSE
	EndGlobalSection
	GlobalSection(ExtensibilityGlobals) = postSolution
		SolutionGuid = {D5903D9C-2D61-462F-BC06-4D025D2C7264}
	EndGlobalSection
EndGlobal
