
Microsoft Visual Studio Solution File, Format Version 12.00
# Visual Studio Version 16
VisualStudioVersion = 25.0.1704.0
MinimumVisualStudioVersion = 10.0.40219.1
Project("{FAE04EC0-301F-11D3-BF4B-00C04F79EFBC}") = "Day5", "Day5.csproj", "{0D92135E-7020-429F-B973-DFE9F3117288}"
EndProject
Global
	GlobalSection(SolutionConfigurationPlatforms) = preSolution
		Debug|Any CPU = Debug|Any CPU
		Release|Any CPU = Release|Any CPU
	EndGlobalSection
	GlobalSection(ProjectConfigurationPlatforms) = postSolution
		{0D92135E-7020-429F-B973-DFE9F3117288}.Debug|Any CPU.ActiveCfg = Debug|Any CPU
		{0D92135E-7020-429F-B973-DFE9F3117288}.Debug|Any CPU.Build.0 = Debug|Any CPU
		{0D92135E-7020-429F-B973-DFE9F3117288}.Release|Any CPU.ActiveCfg = Release|Any CPU
		{0D92135E-7020-429F-B973-DFE9F3117288}.Release|Any CPU.Build.0 = Release|Any CPU
	EndGlobalSection
	GlobalSection(SolutionProperties) = preSolution
		HideSolutionNode = FALSE
	EndGlobalSection
	GlobalSection(ExtensibilityGlobals) = postSolution
		SolutionGuid = {659E135F-2496-4B8A-B9D1-395260B7FA49}
	EndGlobalSection
EndGlobal
